
Microsoft Visual Studio Solution File, Format Version 12.00
# Visual Studio Version 17
VisualStudioVersion = 17.1.32421.90
MinimumVisualStudioVersion = 10.0.40219.1
Project("{9A19103F-16F7-4668-BE54-9A1E7A4F7556}") = "MochaMoth.Coincise.BlazorApp", "MochaMoth.Coincise.BlazorApp\MochaMoth.Coincise.BlazorApp.csproj", "{4F98739A-74D6-44EF-81AB-8919B0AD62FE}"
EndProject
Project("{9A19103F-16F7-4668-BE54-9A1E7A4F7556}") = "MochaMoth.Coincise.Core", "MochaMoth.Coincise.Core\MochaMoth.Coincise.Core.csproj", "{F479CBFC-84B2-41E6-AD91-A32A30CDA439}"
EndProject
Project("{9A19103F-16F7-4668-BE54-9A1E7A4F7556}") = "MochaMoth.Coincise.MongoDatabase", "MochaMoth.Coincise.MongoDatabase\MochaMoth.Coincise.MongoDatabase.csproj", "{5885DA1A-61F4-40D9-8DCC-E080EC21A4C0}"
EndProject
Project("{9A19103F-16F7-4668-BE54-9A1E7A4F7556}") = "MochaMoth.Coincise.MongoDatabase.Tests", "MochaMoth.Coincise.MongoDatabase.Tests\MochaMoth.Coincise.MongoDatabase.Tests.csproj", "{34890E54-F906-4E91-B7B6-335B0BCFC953}"
EndProject
Project("{9A19103F-16F7-4668-BE54-9A1E7A4F7556}") = "MochaMoth.Coincise.ConsoleLauncher", "MochaMoth.Coincise.ConsoleLauncher\MochaMoth.Coincise.ConsoleLauncher.csproj", "{BDF11778-0389-4A5E-B336-7111E7A65FB9}"
EndProject
Project("{9A19103F-16F7-4668-BE54-9A1E7A4F7556}") = "MochaMoth.Coincise.WebAPI", "MochaMoth.Coincise.WebAPI\MochaMoth.Coincise.WebAPI.csproj", "{C9106936-3B5C-4376-B408-97CE55F2EBD3}"
EndProject
Project("{9A19103F-16F7-4668-BE54-9A1E7A4F7556}") = "MochaMoth.Coincise.APIModel", "MochaMoth.Coincise.APIModel\MochaMoth.Coincise.APIModel.csproj", "{62DFA5BD-8AAA-41E2-AF0C-352D2738EBBD}"
EndProject
Project("{9A19103F-16F7-4668-BE54-9A1E7A4F7556}") = "MochaMoth.Coincise.SystemModel", "MochaMoth.Coincise.SystemModel\MochaMoth.Coincise.SystemModel.csproj", "{61EC6F5C-33DF-42DD-8372-C4C250824DEF}"
EndProject
Project("{FAE04EC0-301F-11D3-BF4B-00C04F79EFBC}") = "MochaMoth.Coincise.WebAPI.Tests", "MochaMoth.Coincise.WebAPI.Tests\MochaMoth.Coincise.WebAPI.Tests.csproj", "{38E7F53B-7B87-4358-A8DE-968692FB37B4}"
EndProject
Global
	GlobalSection(SolutionConfigurationPlatforms) = preSolution
		Debug|Any CPU = Debug|Any CPU
		Release|Any CPU = Release|Any CPU
	EndGlobalSection
	GlobalSection(ProjectConfigurationPlatforms) = postSolution
		{4F98739A-74D6-44EF-81AB-8919B0AD62FE}.Debug|Any CPU.ActiveCfg = Debug|Any CPU
		{4F98739A-74D6-44EF-81AB-8919B0AD62FE}.Debug|Any CPU.Build.0 = Debug|Any CPU
		{4F98739A-74D6-44EF-81AB-8919B0AD62FE}.Release|Any CPU.ActiveCfg = Release|Any CPU
		{4F98739A-74D6-44EF-81AB-8919B0AD62FE}.Release|Any CPU.Build.0 = Release|Any CPU
		{F479CBFC-84B2-41E6-AD91-A32A30CDA439}.Debug|Any CPU.ActiveCfg = Debug|Any CPU
		{F479CBFC-84B2-41E6-AD91-A32A30CDA439}.Debug|Any CPU.Build.0 = Debug|Any CPU
		{F479CBFC-84B2-41E6-AD91-A32A30CDA439}.Release|Any CPU.ActiveCfg = Release|Any CPU
		{F479CBFC-84B2-41E6-AD91-A32A30CDA439}.Release|Any CPU.Build.0 = Release|Any CPU
		{5885DA1A-61F4-40D9-8DCC-E080EC21A4C0}.Debug|Any CPU.ActiveCfg = Debug|Any CPU
		{5885DA1A-61F4-40D9-8DCC-E080EC21A4C0}.Debug|Any CPU.Build.0 = Debug|Any CPU
		{5885DA1A-61F4-40D9-8DCC-E080EC21A4C0}.Release|Any CPU.ActiveCfg = Release|Any CPU
		{5885DA1A-61F4-40D9-8DCC-E080EC21A4C0}.Release|Any CPU.Build.0 = Release|Any CPU
		{34890E54-F906-4E91-B7B6-335B0BCFC953}.Debug|Any CPU.ActiveCfg = Debug|Any CPU
		{34890E54-F906-4E91-B7B6-335B0BCFC953}.Debug|Any CPU.Build.0 = Debug|Any CPU
		{34890E54-F906-4E91-B7B6-335B0BCFC953}.Release|Any CPU.ActiveCfg = Release|Any CPU
		{34890E54-F906-4E91-B7B6-335B0BCFC953}.Release|Any CPU.Build.0 = Release|Any CPU
		{BDF11778-0389-4A5E-B336-7111E7A65FB9}.Debug|Any CPU.ActiveCfg = Debug|Any CPU
		{BDF11778-0389-4A5E-B336-7111E7A65FB9}.Debug|Any CPU.Build.0 = Debug|Any CPU
		{BDF11778-0389-4A5E-B336-7111E7A65FB9}.Release|Any CPU.ActiveCfg = Release|Any CPU
		{BDF11778-0389-4A5E-B336-7111E7A65FB9}.Release|Any CPU.Build.0 = Release|Any CPU
		{C9106936-3B5C-4376-B408-97CE55F2EBD3}.Debug|Any CPU.ActiveCfg = Debug|Any CPU
		{C9106936-3B5C-4376-B408-97CE55F2EBD3}.Debug|Any CPU.Build.0 = Debug|Any CPU
		{C9106936-3B5C-4376-B408-97CE55F2EBD3}.Release|Any CPU.ActiveCfg = Release|Any CPU
		{C9106936-3B5C-4376-B408-97CE55F2EBD3}.Release|Any CPU.Build.0 = Release|Any CPU
		{62DFA5BD-8AAA-41E2-AF0C-352D2738EBBD}.Debug|Any CPU.ActiveCfg = Debug|Any CPU
		{62DFA5BD-8AAA-41E2-AF0C-352D2738EBBD}.Debug|Any CPU.Build.0 = Debug|Any CPU
		{62DFA5BD-8AAA-41E2-AF0C-352D2738EBBD}.Release|Any CPU.ActiveCfg = Release|Any CPU
		{62DFA5BD-8AAA-41E2-AF0C-352D2738EBBD}.Release|Any CPU.Build.0 = Release|Any CPU
		{61EC6F5C-33DF-42DD-8372-C4C250824DEF}.Debug|Any CPU.ActiveCfg = Debug|Any CPU
		{61EC6F5C-33DF-42DD-8372-C4C250824DEF}.Debug|Any CPU.Build.0 = Debug|Any CPU
		{61EC6F5C-33DF-42DD-8372-C4C250824DEF}.Release|Any CPU.ActiveCfg = Release|Any CPU
		{61EC6F5C-33DF-42DD-8372-C4C250824DEF}.Release|Any CPU.Build.0 = Release|Any CPU
		{38E7F53B-7B87-4358-A8DE-968692FB37B4}.Debug|Any CPU.ActiveCfg = Debug|Any CPU
		{38E7F53B-7B87-4358-A8DE-968692FB37B4}.Debug|Any CPU.Build.0 = Debug|Any CPU
		{38E7F53B-7B87-4358-A8DE-968692FB37B4}.Release|Any CPU.ActiveCfg = Release|Any CPU
		{38E7F53B-7B87-4358-A8DE-968692FB37B4}.Release|Any CPU.Build.0 = Release|Any CPU
	EndGlobalSection
	GlobalSection(SolutionProperties) = preSolution
		HideSolutionNode = FALSE
	EndGlobalSection
	GlobalSection(ExtensibilityGlobals) = postSolution
		SolutionGuid = {77298DB0-7841-4C07-987D-1BDBF1EB834A}
	EndGlobalSection
EndGlobal
